// !$*UTF8*$!
{
	archiveVersion = 1;
	classes = {
	};
	objectVersion = 56;
	objects = {

/* Begin PBXBuildFile section */
		1D529C192AE1960800F818FA /* Splash.storyboard in Resources */ = {isa = PBXBuildFile; fileRef = 1D529C182AE1960800F818FA /* Splash.storyboard */; };
		1D529C1B2AE197A600F818FA /* SplashViewController.swift in Sources */ = {isa = PBXBuildFile; fileRef = 1D529C1A2AE197A600F818FA /* SplashViewController.swift */; };
		1D529C1D2AE197BD00F818FA /* SplashViewModel.swift in Sources */ = {isa = PBXBuildFile; fileRef = 1D529C1C2AE197BD00F818FA /* SplashViewModel.swift */; };
		1D529C202AE1A18A00F818FA /* HeroeCoreData.swift in Sources */ = {isa = PBXBuildFile; fileRef = 1D529C1F2AE1A18A00F818FA /* HeroeCoreData.swift */; };
		1D529C232AE1BD4B00F818FA /* HeroDetail.storyboard in Resources */ = {isa = PBXBuildFile; fileRef = 1D529C222AE1BD4B00F818FA /* HeroDetail.storyboard */; };
		1D529C252AE1BE3A00F818FA /* HeroDetailViewController.swift in Sources */ = {isa = PBXBuildFile; fileRef = 1D529C242AE1BE3A00F818FA /* HeroDetailViewController.swift */; };
		1D529C272AE1BFF200F818FA /* HeroDetailViewModel.swift in Sources */ = {isa = PBXBuildFile; fileRef = 1D529C262AE1BFF200F818FA /* HeroDetailViewModel.swift */; };
		1D529C292AE1C0C200F818FA /* HeroLocation.swift in Sources */ = {isa = PBXBuildFile; fileRef = 1D529C282AE1C0C200F818FA /* HeroLocation.swift */; };
		1D529C2C2AE1CB2600F818FA /* HeroAnnotation.swift in Sources */ = {isa = PBXBuildFile; fileRef = 1D529C2B2AE1CB2600F818FA /* HeroAnnotation.swift */; };
		1D85A9132AEADB0A00D53D12 /* SecureDataProviderTest.swift in Sources */ = {isa = PBXBuildFile; fileRef = 1D85A9122AEADB0A00D53D12 /* SecureDataProviderTest.swift */; };
		1DA01DA22AE9C2DD00AC2E70 /* HeroMapper.swift in Sources */ = {isa = PBXBuildFile; fileRef = 1DA01DA12AE9C2DD00AC2E70 /* HeroMapper.swift */; };
		1DA01DA42AE9CB9200AC2E70 /* LocationDAO.swift in Sources */ = {isa = PBXBuildFile; fileRef = 1DA01DA32AE9CB9200AC2E70 /* LocationDAO.swift */; };
		1DA01DA62AE9CC7900AC2E70 /* LocationCoreData.swift in Sources */ = {isa = PBXBuildFile; fileRef = 1DA01DA52AE9CC7900AC2E70 /* LocationCoreData.swift */; };
		1DA01DA82AE9D04800AC2E70 /* LocationMapper.swift in Sources */ = {isa = PBXBuildFile; fileRef = 1DA01DA72AE9D04800AC2E70 /* LocationMapper.swift */; };
		1DB65DDC2AD5C1C60046475E /* AppDelegate.swift in Sources */ = {isa = PBXBuildFile; fileRef = 1DB65DDB2AD5C1C60046475E /* AppDelegate.swift */; };
		1DB65DDE2AD5C1C60046475E /* SceneDelegate.swift in Sources */ = {isa = PBXBuildFile; fileRef = 1DB65DDD2AD5C1C60046475E /* SceneDelegate.swift */; };
		1DB65DE02AD5C1C60046475E /* LoginViewController.swift in Sources */ = {isa = PBXBuildFile; fileRef = 1DB65DDF2AD5C1C60046475E /* LoginViewController.swift */; };
		1DB65DE32AD5C1C60046475E /* Login.storyboard in Resources */ = {isa = PBXBuildFile; fileRef = 1DB65DE12AD5C1C60046475E /* Login.storyboard */; };
		1DB65DE62AD5C1C60046475E /* DragonBallAvanzado.xcdatamodeld in Sources */ = {isa = PBXBuildFile; fileRef = 1DB65DE42AD5C1C60046475E /* DragonBallAvanzado.xcdatamodeld */; };
		1DB65DE82AD5C1C90046475E /* Assets.xcassets in Resources */ = {isa = PBXBuildFile; fileRef = 1DB65DE72AD5C1C90046475E /* Assets.xcassets */; };
		1DB65DEB2AD5C1C90046475E /* LaunchScreen.storyboard in Resources */ = {isa = PBXBuildFile; fileRef = 1DB65DE92AD5C1C90046475E /* LaunchScreen.storyboard */; };
		1DB65DFB2AD5CD540046475E /* LoginViewModel.swift in Sources */ = {isa = PBXBuildFile; fileRef = 1DB65DFA2AD5CD540046475E /* LoginViewModel.swift */; };
		1DC256F02AD713F1008B907A /* KeychainSwift in Frameworks */ = {isa = PBXBuildFile; productRef = 1DC256EF2AD713F1008B907A /* KeychainSwift */; };
		1DC256F22AD714B4008B907A /* SecureDataProvider.swift in Sources */ = {isa = PBXBuildFile; fileRef = 1DC256F12AD714B4008B907A /* SecureDataProvider.swift */; };
		1DC256F42AD71997008B907A /* ApiProvider.swift in Sources */ = {isa = PBXBuildFile; fileRef = 1DC256F32AD71997008B907A /* ApiProvider.swift */; };
		1DC637152ADF02D7002D420B /* HeroDAO.swift in Sources */ = {isa = PBXBuildFile; fileRef = 1DC637142ADF02D7002D420B /* HeroDAO.swift */; };
		1DC637172ADF0518002D420B /* CoreDataStack.swift in Sources */ = {isa = PBXBuildFile; fileRef = 1DC637162ADF0518002D420B /* CoreDataStack.swift */; };
		1DC6371B2ADF0C67002D420B /* Hero.swift in Sources */ = {isa = PBXBuildFile; fileRef = 1DC6371A2ADF0C67002D420B /* Hero.swift */; };
		1DC6371E2ADF286F002D420B /* Kingfisher in Frameworks */ = {isa = PBXBuildFile; productRef = 1DC6371D2ADF286F002D420B /* Kingfisher */; };
		1DF2076E2ADE98A400A652F5 /* Heroes.storyboard in Resources */ = {isa = PBXBuildFile; fileRef = 1DF2076D2ADE98A400A652F5 /* Heroes.storyboard */; };
		1DF207702ADE98C000A652F5 /* HeroesViewController.swift in Sources */ = {isa = PBXBuildFile; fileRef = 1DF2076F2ADE98C000A652F5 /* HeroesViewController.swift */; };
		1DF207722ADE98F800A652F5 /* HeroesViewModel.swift in Sources */ = {isa = PBXBuildFile; fileRef = 1DF207712ADE98F800A652F5 /* HeroesViewModel.swift */; };
		1DF207752ADE9D1900A652F5 /* HeroCellView.swift in Sources */ = {isa = PBXBuildFile; fileRef = 1DF207742ADE9D1900A652F5 /* HeroCellView.swift */; };
		1DF207792ADE9F2C00A652F5 /* HeroCellView.xib in Resources */ = {isa = PBXBuildFile; fileRef = 1DF207782ADE9F2C00A652F5 /* HeroCellView.xib */; };
/* End PBXBuildFile section */

/* Begin PBXFileReference section */
		1D529C182AE1960800F818FA /* Splash.storyboard */ = {isa = PBXFileReference; lastKnownFileType = file.storyboard; path = Splash.storyboard; sourceTree = "<group>"; };
		1D529C1A2AE197A600F818FA /* SplashViewController.swift */ = {isa = PBXFileReference; lastKnownFileType = sourcecode.swift; path = SplashViewController.swift; sourceTree = "<group>"; };
		1D529C1C2AE197BD00F818FA /* SplashViewModel.swift */ = {isa = PBXFileReference; lastKnownFileType = sourcecode.swift; path = SplashViewModel.swift; sourceTree = "<group>"; };
		1D529C1F2AE1A18A00F818FA /* HeroeCoreData.swift */ = {isa = PBXFileReference; lastKnownFileType = sourcecode.swift; path = HeroeCoreData.swift; sourceTree = "<group>"; };
		1D529C222AE1BD4B00F818FA /* HeroDetail.storyboard */ = {isa = PBXFileReference; lastKnownFileType = file.storyboard; path = HeroDetail.storyboard; sourceTree = "<group>"; };
		1D529C242AE1BE3A00F818FA /* HeroDetailViewController.swift */ = {isa = PBXFileReference; lastKnownFileType = sourcecode.swift; path = HeroDetailViewController.swift; sourceTree = "<group>"; };
		1D529C262AE1BFF200F818FA /* HeroDetailViewModel.swift */ = {isa = PBXFileReference; lastKnownFileType = sourcecode.swift; path = HeroDetailViewModel.swift; sourceTree = "<group>"; };
		1D529C282AE1C0C200F818FA /* HeroLocation.swift */ = {isa = PBXFileReference; lastKnownFileType = sourcecode.swift; path = HeroLocation.swift; sourceTree = "<group>"; };
		1D529C2B2AE1CB2600F818FA /* HeroAnnotation.swift */ = {isa = PBXFileReference; lastKnownFileType = sourcecode.swift; path = HeroAnnotation.swift; sourceTree = "<group>"; };
		1D85A9122AEADB0A00D53D12 /* SecureDataProviderTest.swift */ = {isa = PBXFileReference; lastKnownFileType = sourcecode.swift; path = SecureDataProviderTest.swift; sourceTree = "<group>"; };
		1DA01DA12AE9C2DD00AC2E70 /* HeroMapper.swift */ = {isa = PBXFileReference; lastKnownFileType = sourcecode.swift; path = HeroMapper.swift; sourceTree = "<group>"; };
		1DA01DA32AE9CB9200AC2E70 /* LocationDAO.swift */ = {isa = PBXFileReference; lastKnownFileType = sourcecode.swift; path = LocationDAO.swift; sourceTree = "<group>"; };
		1DA01DA52AE9CC7900AC2E70 /* LocationCoreData.swift */ = {isa = PBXFileReference; lastKnownFileType = sourcecode.swift; path = LocationCoreData.swift; sourceTree = "<group>"; };
		1DA01DA72AE9D04800AC2E70 /* LocationMapper.swift */ = {isa = PBXFileReference; lastKnownFileType = sourcecode.swift; path = LocationMapper.swift; sourceTree = "<group>"; };
		1DB65DD82AD5C1C60046475E /* DragonBallAvanzado.app */ = {isa = PBXFileReference; explicitFileType = wrapper.application; includeInIndex = 0; path = DragonBallAvanzado.app; sourceTree = BUILT_PRODUCTS_DIR; };
		1DB65DDB2AD5C1C60046475E /* AppDelegate.swift */ = {isa = PBXFileReference; lastKnownFileType = sourcecode.swift; path = AppDelegate.swift; sourceTree = "<group>"; };
		1DB65DDD2AD5C1C60046475E /* SceneDelegate.swift */ = {isa = PBXFileReference; lastKnownFileType = sourcecode.swift; path = SceneDelegate.swift; sourceTree = "<group>"; };
		1DB65DDF2AD5C1C60046475E /* LoginViewController.swift */ = {isa = PBXFileReference; lastKnownFileType = sourcecode.swift; path = LoginViewController.swift; sourceTree = "<group>"; };
		1DB65DE22AD5C1C60046475E /* Base */ = {isa = PBXFileReference; lastKnownFileType = file.storyboard; name = Base; path = Base.lproj/Login.storyboard; sourceTree = "<group>"; };
		1DB65DE52AD5C1C60046475E /* DragonBallAvanzado.xcdatamodel */ = {isa = PBXFileReference; lastKnownFileType = wrapper.xcdatamodel; path = DragonBallAvanzado.xcdatamodel; sourceTree = "<group>"; };
		1DB65DE72AD5C1C90046475E /* Assets.xcassets */ = {isa = PBXFileReference; lastKnownFileType = folder.assetcatalog; path = Assets.xcassets; sourceTree = "<group>"; };
		1DB65DEA2AD5C1C90046475E /* Base */ = {isa = PBXFileReference; lastKnownFileType = file.storyboard; name = Base; path = Base.lproj/LaunchScreen.storyboard; sourceTree = "<group>"; };
		1DB65DEC2AD5C1C90046475E /* Info.plist */ = {isa = PBXFileReference; lastKnownFileType = text.plist.xml; path = Info.plist; sourceTree = "<group>"; };
		1DB65DFA2AD5CD540046475E /* LoginViewModel.swift */ = {isa = PBXFileReference; lastKnownFileType = sourcecode.swift; path = LoginViewModel.swift; sourceTree = "<group>"; };
		1DC256F12AD714B4008B907A /* SecureDataProvider.swift */ = {isa = PBXFileReference; lastKnownFileType = sourcecode.swift; path = SecureDataProvider.swift; sourceTree = "<group>"; };
		1DC256F32AD71997008B907A /* ApiProvider.swift */ = {isa = PBXFileReference; lastKnownFileType = sourcecode.swift; path = ApiProvider.swift; sourceTree = "<group>"; };
		1DC637142ADF02D7002D420B /* HeroDAO.swift */ = {isa = PBXFileReference; lastKnownFileType = sourcecode.swift; path = HeroDAO.swift; sourceTree = "<group>"; };
		1DC637162ADF0518002D420B /* CoreDataStack.swift */ = {isa = PBXFileReference; lastKnownFileType = sourcecode.swift; path = CoreDataStack.swift; sourceTree = "<group>"; };
		1DC6371A2ADF0C67002D420B /* Hero.swift */ = {isa = PBXFileReference; lastKnownFileType = sourcecode.swift; path = Hero.swift; sourceTree = "<group>"; };
		1DF2076D2ADE98A400A652F5 /* Heroes.storyboard */ = {isa = PBXFileReference; lastKnownFileType = file.storyboard; path = Heroes.storyboard; sourceTree = "<group>"; };
		1DF2076F2ADE98C000A652F5 /* HeroesViewController.swift */ = {isa = PBXFileReference; lastKnownFileType = sourcecode.swift; path = HeroesViewController.swift; sourceTree = "<group>"; };
		1DF207712ADE98F800A652F5 /* HeroesViewModel.swift */ = {isa = PBXFileReference; lastKnownFileType = sourcecode.swift; path = HeroesViewModel.swift; sourceTree = "<group>"; };
		1DF207742ADE9D1900A652F5 /* HeroCellView.swift */ = {isa = PBXFileReference; lastKnownFileType = sourcecode.swift; path = HeroCellView.swift; sourceTree = "<group>"; };
		1DF207782ADE9F2C00A652F5 /* HeroCellView.xib */ = {isa = PBXFileReference; lastKnownFileType = file.xib; path = HeroCellView.xib; sourceTree = "<group>"; };
/* End PBXFileReference section */

/* Begin PBXFrameworksBuildPhase section */
		1DB65DD52AD5C1C60046475E /* Frameworks */ = {
			isa = PBXFrameworksBuildPhase;
			buildActionMask = 2147483647;
			files = (
				1DC6371E2ADF286F002D420B /* Kingfisher in Frameworks */,
				1DC256F02AD713F1008B907A /* KeychainSwift in Frameworks */,
			);
			runOnlyForDeploymentPostprocessing = 0;
		};
/* End PBXFrameworksBuildPhase section */

/* Begin PBXGroup section */
		1D529C172AE195F600F818FA /* Splash */ = {
			isa = PBXGroup;
			children = (
				1D529C182AE1960800F818FA /* Splash.storyboard */,
				1D529C1A2AE197A600F818FA /* SplashViewController.swift */,
				1D529C1C2AE197BD00F818FA /* SplashViewModel.swift */,
			);
			path = Splash;
			sourceTree = "<group>";
		};
		1D529C1E2AE1A16200F818FA /* Utils */ = {
			isa = PBXGroup;
			children = (
				1D529C1F2AE1A18A00F818FA /* HeroeCoreData.swift */,
				1DA01DA52AE9CC7900AC2E70 /* LocationCoreData.swift */,
			);
			path = Utils;
			sourceTree = "<group>";
		};
		1D529C212AE1BD3700F818FA /* HeroDetail */ = {
			isa = PBXGroup;
			children = (
				1D529C2A2AE1CB0D00F818FA /* MapAnnotation */,
				1D529C222AE1BD4B00F818FA /* HeroDetail.storyboard */,
				1D529C242AE1BE3A00F818FA /* HeroDetailViewController.swift */,
				1D529C262AE1BFF200F818FA /* HeroDetailViewModel.swift */,
			);
			path = HeroDetail;
			sourceTree = "<group>";
		};
		1D529C2A2AE1CB0D00F818FA /* MapAnnotation */ = {
			isa = PBXGroup;
			children = (
				1D529C2B2AE1CB2600F818FA /* HeroAnnotation.swift */,
			);
			path = MapAnnotation;
			sourceTree = "<group>";
		};
		1D85A90F2AEAD65500D53D12 /* DragonBallAvanzadoTests */ = {
			isa = PBXGroup;
			children = (
				1D85A9102AEADAE600D53D12 /* Data */,
			);
			path = DragonBallAvanzadoTests;
			sourceTree = "<group>";
		};
		1D85A9102AEADAE600D53D12 /* Data */ = {
			isa = PBXGroup;
			children = (
				1D85A9112AEADAEE00D53D12 /* Local */,
			);
			path = Data;
			sourceTree = "<group>";
		};
		1D85A9112AEADAEE00D53D12 /* Local */ = {
			isa = PBXGroup;
			children = (
				1D85A9122AEADB0A00D53D12 /* SecureDataProviderTest.swift */,
			);
			path = Local;
			sourceTree = "<group>";
		};
		1DA01DA02AE9C2C800AC2E70 /* Mappers */ = {
			isa = PBXGroup;
			children = (
				1DA01DA12AE9C2DD00AC2E70 /* HeroMapper.swift */,
				1DA01DA72AE9D04800AC2E70 /* LocationMapper.swift */,
			);
			path = Mappers;
			sourceTree = "<group>";
		};
		1DB65DCF2AD5C1C60046475E = {
			isa = PBXGroup;
			children = (
				1DB65DDA2AD5C1C60046475E /* DragonBallAvanzado */,
				1D85A90F2AEAD65500D53D12 /* DragonBallAvanzadoTests */,
				1DB65DD92AD5C1C60046475E /* Products */,
			);
			sourceTree = "<group>";
		};
		1DB65DD92AD5C1C60046475E /* Products */ = {
			isa = PBXGroup;
			children = (
				1DB65DD82AD5C1C60046475E /* DragonBallAvanzado.app */,
			);
			name = Products;
			sourceTree = "<group>";
		};
		1DB65DDA2AD5C1C60046475E /* DragonBallAvanzado */ = {
			isa = PBXGroup;
			children = (
				1DB65DDB2AD5C1C60046475E /* AppDelegate.swift */,
				1DB65DDD2AD5C1C60046475E /* SceneDelegate.swift */,
				1DB65DEC2AD5C1C90046475E /* Info.plist */,
				1DB65DF52AD5C2810046475E /* Resources */,
				1D529C1E2AE1A16200F818FA /* Utils */,
				1DB65DF42AD5C27C0046475E /* Data */,
				1DC637182ADF0C43002D420B /* Domain */,
				1DB65DF32AD5C2700046475E /* Presentation */,
			);
			path = DragonBallAvanzado;
			sourceTree = "<group>";
		};
		1DB65DF32AD5C2700046475E /* Presentation */ = {
			isa = PBXGroup;
			children = (
				1D529C212AE1BD3700F818FA /* HeroDetail */,
				1D529C172AE195F600F818FA /* Splash */,
				1DF2076C2ADE987200A652F5 /* Heroes */,
				1DB65DF92AD5C36C0046475E /* Login */,
				1DB65DF82AD5C3600046475E /* Launch */,
			);
			path = Presentation;
			sourceTree = "<group>";
		};
		1DB65DF42AD5C27C0046475E /* Data */ = {
			isa = PBXGroup;
			children = (
				1DB65DF72AD5C30A0046475E /* Api */,
				1DB65DF62AD5C2FD0046475E /* Local */,
			);
			path = Data;
			sourceTree = "<group>";
		};
		1DB65DF52AD5C2810046475E /* Resources */ = {
			isa = PBXGroup;
			children = (
				1DB65DE72AD5C1C90046475E /* Assets.xcassets */,
			);
			path = Resources;
			sourceTree = "<group>";
		};
		1DB65DF62AD5C2FD0046475E /* Local */ = {
			isa = PBXGroup;
			children = (
				1DC637132ADF02C1002D420B /* Models */,
				1DB65DE42AD5C1C60046475E /* DragonBallAvanzado.xcdatamodeld */,
				1DC256F12AD714B4008B907A /* SecureDataProvider.swift */,
				1DC637162ADF0518002D420B /* CoreDataStack.swift */,
			);
			path = Local;
			sourceTree = "<group>";
		};
		1DB65DF72AD5C30A0046475E /* Api */ = {
			isa = PBXGroup;
			children = (
				1DC256F32AD71997008B907A /* ApiProvider.swift */,
			);
			path = Api;
			sourceTree = "<group>";
		};
		1DB65DF82AD5C3600046475E /* Launch */ = {
			isa = PBXGroup;
			children = (
				1DB65DE92AD5C1C90046475E /* LaunchScreen.storyboard */,
			);
			path = Launch;
			sourceTree = "<group>";
		};
		1DB65DF92AD5C36C0046475E /* Login */ = {
			isa = PBXGroup;
			children = (
				1DB65DE12AD5C1C60046475E /* Login.storyboard */,
				1DB65DDF2AD5C1C60046475E /* LoginViewController.swift */,
				1DB65DFA2AD5CD540046475E /* LoginViewModel.swift */,
			);
			path = Login;
			sourceTree = "<group>";
		};
		1DC637132ADF02C1002D420B /* Models */ = {
			isa = PBXGroup;
			children = (
				1DC637142ADF02D7002D420B /* HeroDAO.swift */,
				1DA01DA32AE9CB9200AC2E70 /* LocationDAO.swift */,
			);
			path = Models;
			sourceTree = "<group>";
		};
		1DC637182ADF0C43002D420B /* Domain */ = {
			isa = PBXGroup;
			children = (
				1DA01DA02AE9C2C800AC2E70 /* Mappers */,
				1DC637192ADF0C58002D420B /* Models */,
			);
			path = Domain;
			sourceTree = "<group>";
		};
		1DC637192ADF0C58002D420B /* Models */ = {
			isa = PBXGroup;
			children = (
				1DC6371A2ADF0C67002D420B /* Hero.swift */,
				1D529C282AE1C0C200F818FA /* HeroLocation.swift */,
			);
			path = Models;
			sourceTree = "<group>";
		};
		1DF2076C2ADE987200A652F5 /* Heroes */ = {
			isa = PBXGroup;
			children = (
				1DF207732ADE9A7900A652F5 /* Cells */,
				1DF2076D2ADE98A400A652F5 /* Heroes.storyboard */,
				1DF2076F2ADE98C000A652F5 /* HeroesViewController.swift */,
				1DF207712ADE98F800A652F5 /* HeroesViewModel.swift */,
			);
			path = Heroes;
			sourceTree = "<group>";
		};
		1DF207732ADE9A7900A652F5 /* Cells */ = {
			isa = PBXGroup;
			children = (
				1DF207742ADE9D1900A652F5 /* HeroCellView.swift */,
				1DF207782ADE9F2C00A652F5 /* HeroCellView.xib */,
			);
			path = Cells;
			sourceTree = "<group>";
		};
/* End PBXGroup section */

/* Begin PBXNativeTarget section */
		1DB65DD72AD5C1C60046475E /* DragonBallAvanzado */ = {
			isa = PBXNativeTarget;
			buildConfigurationList = 1DB65DEF2AD5C1C90046475E /* Build configuration list for PBXNativeTarget "DragonBallAvanzado" */;
			buildPhases = (
				1DB65DD42AD5C1C60046475E /* Sources */,
				1DB65DD52AD5C1C60046475E /* Frameworks */,
				1DB65DD62AD5C1C60046475E /* Resources */,
			);
			buildRules = (
			);
			dependencies = (
			);
			name = DragonBallAvanzado;
			packageProductDependencies = (
				1DC256EF2AD713F1008B907A /* KeychainSwift */,
				1DC6371D2ADF286F002D420B /* Kingfisher */,
			);
			productName = DragonBallAvanzado;
			productReference = 1DB65DD82AD5C1C60046475E /* DragonBallAvanzado.app */;
			productType = "com.apple.product-type.application";
		};
/* End PBXNativeTarget section */

/* Begin PBXProject section */
		1DB65DD02AD5C1C60046475E /* Project object */ = {
			isa = PBXProject;
			attributes = {
				BuildIndependentTargetsInParallel = 1;
				LastSwiftUpdateCheck = 1430;
				LastUpgradeCheck = 1430;
				TargetAttributes = {
					1DB65DD72AD5C1C60046475E = {
						CreatedOnToolsVersion = 14.3;
					};
				};
			};
			buildConfigurationList = 1DB65DD32AD5C1C60046475E /* Build configuration list for PBXProject "DragonBallAvanzado" */;
			compatibilityVersion = "Xcode 14.0";
			developmentRegion = en;
			hasScannedForEncodings = 0;
			knownRegions = (
				en,
				Base,
			);
			mainGroup = 1DB65DCF2AD5C1C60046475E;
			packageReferences = (
				1DC256EE2AD713F0008B907A /* XCRemoteSwiftPackageReference "keychain-swift" */,
				1DC6371C2ADF286F002D420B /* XCRemoteSwiftPackageReference "Kingfisher" */,
			);
			productRefGroup = 1DB65DD92AD5C1C60046475E /* Products */;
			projectDirPath = "";
			projectRoot = "";
			targets = (
				1DB65DD72AD5C1C60046475E /* DragonBallAvanzado */,
			);
		};
/* End PBXProject section */

/* Begin PBXResourcesBuildPhase section */
		1DB65DD62AD5C1C60046475E /* Resources */ = {
			isa = PBXResourcesBuildPhase;
			buildActionMask = 2147483647;
			files = (
				1DB65DEB2AD5C1C90046475E /* LaunchScreen.storyboard in Resources */,
				1DF207792ADE9F2C00A652F5 /* HeroCellView.xib in Resources */,
				1DB65DE82AD5C1C90046475E /* Assets.xcassets in Resources */,
				1D529C232AE1BD4B00F818FA /* HeroDetail.storyboard in Resources */,
				1DF2076E2ADE98A400A652F5 /* Heroes.storyboard in Resources */,
				1DB65DE32AD5C1C60046475E /* Login.storyboard in Resources */,
				1D529C192AE1960800F818FA /* Splash.storyboard in Resources */,
			);
			runOnlyForDeploymentPostprocessing = 0;
		};
/* End PBXResourcesBuildPhase section */

/* Begin PBXSourcesBuildPhase section */
		1DB65DD42AD5C1C60046475E /* Sources */ = {
			isa = PBXSourcesBuildPhase;
			buildActionMask = 2147483647;
			files = (
				1D529C1D2AE197BD00F818FA /* SplashViewModel.swift in Sources */,
				1DB65DE02AD5C1C60046475E /* LoginViewController.swift in Sources */,
				1DB65DE62AD5C1C60046475E /* DragonBallAvanzado.xcdatamodeld in Sources */,
				1DF207702ADE98C000A652F5 /* HeroesViewController.swift in Sources */,
				1D529C202AE1A18A00F818FA /* HeroeCoreData.swift in Sources */,
				1DC637172ADF0518002D420B /* CoreDataStack.swift in Sources */,
				1DC256F22AD714B4008B907A /* SecureDataProvider.swift in Sources */,
				1D529C1B2AE197A600F818FA /* SplashViewController.swift in Sources */,
				1D529C2C2AE1CB2600F818FA /* HeroAnnotation.swift in Sources */,
				1DF207722ADE98F800A652F5 /* HeroesViewModel.swift in Sources */,
				1DC637152ADF02D7002D420B /* HeroDAO.swift in Sources */,
				1DB65DDC2AD5C1C60046475E /* AppDelegate.swift in Sources */,
				1DF207752ADE9D1900A652F5 /* HeroCellView.swift in Sources */,
				1DA01DA82AE9D04800AC2E70 /* LocationMapper.swift in Sources */,
				1DB65DFB2AD5CD540046475E /* LoginViewModel.swift in Sources */,
				1DC256F42AD71997008B907A /* ApiProvider.swift in Sources */,
				1DA01DA42AE9CB9200AC2E70 /* LocationDAO.swift in Sources */,
				1D85A9132AEADB0A00D53D12 /* SecureDataProviderTest.swift in Sources */,
				1DA01DA62AE9CC7900AC2E70 /* LocationCoreData.swift in Sources */,
				1DC6371B2ADF0C67002D420B /* Hero.swift in Sources */,
				1D529C292AE1C0C200F818FA /* HeroLocation.swift in Sources */,
				1D529C272AE1BFF200F818FA /* HeroDetailViewModel.swift in Sources */,
				1DB65DDE2AD5C1C60046475E /* SceneDelegate.swift in Sources */,
				1DA01DA22AE9C2DD00AC2E70 /* HeroMapper.swift in Sources */,
				1D529C252AE1BE3A00F818FA /* HeroDetailViewController.swift in Sources */,
			);
			runOnlyForDeploymentPostprocessing = 0;
		};
/* End PBXSourcesBuildPhase section */

/* Begin PBXVariantGroup section */
		1DB65DE12AD5C1C60046475E /* Login.storyboard */ = {
			isa = PBXVariantGroup;
			children = (
				1DB65DE22AD5C1C60046475E /* Base */,
			);
			name = Login.storyboard;
			sourceTree = "<group>";
		};
		1DB65DE92AD5C1C90046475E /* LaunchScreen.storyboard */ = {
			isa = PBXVariantGroup;
			children = (
				1DB65DEA2AD5C1C90046475E /* Base */,
			);
			name = LaunchScreen.storyboard;
			sourceTree = "<group>";
		};
/* End PBXVariantGroup section */

/* Begin XCBuildConfiguration section */
		1DB65DED2AD5C1C90046475E /* Debug */ = {
			isa = XCBuildConfiguration;
			buildSettings = {
				ALWAYS_SEARCH_USER_PATHS = NO;
				CLANG_ANALYZER_NONNULL = YES;
				CLANG_ANALYZER_NUMBER_OBJECT_CONVERSION = YES_AGGRESSIVE;
				CLANG_CXX_LANGUAGE_STANDARD = "gnu++20";
				CLANG_ENABLE_MODULES = YES;
				CLANG_ENABLE_OBJC_ARC = YES;
				CLANG_ENABLE_OBJC_WEAK = YES;
				CLANG_WARN_BLOCK_CAPTURE_AUTORELEASING = YES;
				CLANG_WARN_BOOL_CONVERSION = YES;
				CLANG_WARN_COMMA = YES;
				CLANG_WARN_CONSTANT_CONVERSION = YES;
				CLANG_WARN_DEPRECATED_OBJC_IMPLEMENTATIONS = YES;
				CLANG_WARN_DIRECT_OBJC_ISA_USAGE = YES_ERROR;
				CLANG_WARN_DOCUMENTATION_COMMENTS = YES;
				CLANG_WARN_EMPTY_BODY = YES;
				CLANG_WARN_ENUM_CONVERSION = YES;
				CLANG_WARN_INFINITE_RECURSION = YES;
				CLANG_WARN_INT_CONVERSION = YES;
				CLANG_WARN_NON_LITERAL_NULL_CONVERSION = YES;
				CLANG_WARN_OBJC_IMPLICIT_RETAIN_SELF = YES;
				CLANG_WARN_OBJC_LITERAL_CONVERSION = YES;
				CLANG_WARN_OBJC_ROOT_CLASS = YES_ERROR;
				CLANG_WARN_QUOTED_INCLUDE_IN_FRAMEWORK_HEADER = YES;
				CLANG_WARN_RANGE_LOOP_ANALYSIS = YES;
				CLANG_WARN_STRICT_PROTOTYPES = YES;
				CLANG_WARN_SUSPICIOUS_MOVE = YES;
				CLANG_WARN_UNGUARDED_AVAILABILITY = YES_AGGRESSIVE;
				CLANG_WARN_UNREACHABLE_CODE = YES;
				CLANG_WARN__DUPLICATE_METHOD_MATCH = YES;
				COPY_PHASE_STRIP = NO;
				DEBUG_INFORMATION_FORMAT = dwarf;
				ENABLE_STRICT_OBJC_MSGSEND = YES;
				ENABLE_TESTABILITY = YES;
				GCC_C_LANGUAGE_STANDARD = gnu11;
				GCC_DYNAMIC_NO_PIC = NO;
				GCC_NO_COMMON_BLOCKS = YES;
				GCC_OPTIMIZATION_LEVEL = 0;
				GCC_PREPROCESSOR_DEFINITIONS = (
					"DEBUG=1",
					"$(inherited)",
				);
				GCC_WARN_64_TO_32_BIT_CONVERSION = YES;
				GCC_WARN_ABOUT_RETURN_TYPE = YES_ERROR;
				GCC_WARN_UNDECLARED_SELECTOR = YES;
				GCC_WARN_UNINITIALIZED_AUTOS = YES_AGGRESSIVE;
				GCC_WARN_UNUSED_FUNCTION = YES;
				GCC_WARN_UNUSED_VARIABLE = YES;
				IPHONEOS_DEPLOYMENT_TARGET = 16.4;
				MTL_ENABLE_DEBUG_INFO = INCLUDE_SOURCE;
				MTL_FAST_MATH = YES;
				ONLY_ACTIVE_ARCH = YES;
				SDKROOT = iphoneos;
				SWIFT_ACTIVE_COMPILATION_CONDITIONS = DEBUG;
				SWIFT_OPTIMIZATION_LEVEL = "-Onone";
			};
			name = Debug;
		};
		1DB65DEE2AD5C1C90046475E /* Release */ = {
			isa = XCBuildConfiguration;
			buildSettings = {
				ALWAYS_SEARCH_USER_PATHS = NO;
				CLANG_ANALYZER_NONNULL = YES;
				CLANG_ANALYZER_NUMBER_OBJECT_CONVERSION = YES_AGGRESSIVE;
				CLANG_CXX_LANGUAGE_STANDARD = "gnu++20";
				CLANG_ENABLE_MODULES = YES;
				CLANG_ENABLE_OBJC_ARC = YES;
				CLANG_ENABLE_OBJC_WEAK = YES;
				CLANG_WARN_BLOCK_CAPTURE_AUTORELEASING = YES;
				CLANG_WARN_BOOL_CONVERSION = YES;
				CLANG_WARN_COMMA = YES;
				CLANG_WARN_CONSTANT_CONVERSION = YES;
				CLANG_WARN_DEPRECATED_OBJC_IMPLEMENTATIONS = YES;
				CLANG_WARN_DIRECT_OBJC_ISA_USAGE = YES_ERROR;
				CLANG_WARN_DOCUMENTATION_COMMENTS = YES;
				CLANG_WARN_EMPTY_BODY = YES;
				CLANG_WARN_ENUM_CONVERSION = YES;
				CLANG_WARN_INFINITE_RECURSION = YES;
				CLANG_WARN_INT_CONVERSION = YES;
				CLANG_WARN_NON_LITERAL_NULL_CONVERSION = YES;
				CLANG_WARN_OBJC_IMPLICIT_RETAIN_SELF = YES;
				CLANG_WARN_OBJC_LITERAL_CONVERSION = YES;
				CLANG_WARN_OBJC_ROOT_CLASS = YES_ERROR;
				CLANG_WARN_QUOTED_INCLUDE_IN_FRAMEWORK_HEADER = YES;
				CLANG_WARN_RANGE_LOOP_ANALYSIS = YES;
				CLANG_WARN_STRICT_PROTOTYPES = YES;
				CLANG_WARN_SUSPICIOUS_MOVE = YES;
				CLANG_WARN_UNGUARDED_AVAILABILITY = YES_AGGRESSIVE;
				CLANG_WARN_UNREACHABLE_CODE = YES;
				CLANG_WARN__DUPLICATE_METHOD_MATCH = YES;
				COPY_PHASE_STRIP = NO;
				DEBUG_INFORMATION_FORMAT = "dwarf-with-dsym";
				ENABLE_NS_ASSERTIONS = NO;
				ENABLE_STRICT_OBJC_MSGSEND = YES;
				GCC_C_LANGUAGE_STANDARD = gnu11;
				GCC_NO_COMMON_BLOCKS = YES;
				GCC_WARN_64_TO_32_BIT_CONVERSION = YES;
				GCC_WARN_ABOUT_RETURN_TYPE = YES_ERROR;
				GCC_WARN_UNDECLARED_SELECTOR = YES;
				GCC_WARN_UNINITIALIZED_AUTOS = YES_AGGRESSIVE;
				GCC_WARN_UNUSED_FUNCTION = YES;
				GCC_WARN_UNUSED_VARIABLE = YES;
				IPHONEOS_DEPLOYMENT_TARGET = 16.4;
				MTL_ENABLE_DEBUG_INFO = NO;
				MTL_FAST_MATH = YES;
				SDKROOT = iphoneos;
				SWIFT_COMPILATION_MODE = wholemodule;
				SWIFT_OPTIMIZATION_LEVEL = "-O";
				VALIDATE_PRODUCT = YES;
			};
			name = Release;
		};
		1DB65DF02AD5C1C90046475E /* Debug */ = {
			isa = XCBuildConfiguration;
			buildSettings = {
				ASSETCATALOG_COMPILER_APPICON_NAME = AppIcon;
				ASSETCATALOG_COMPILER_GLOBAL_ACCENT_COLOR_NAME = AccentColor;
				CODE_SIGN_STYLE = Automatic;
				CURRENT_PROJECT_VERSION = 1;
				GENERATE_INFOPLIST_FILE = YES;
				INFOPLIST_FILE = DragonBallAvanzado/Info.plist;
				INFOPLIST_KEY_UIApplicationSupportsIndirectInputEvents = YES;
				INFOPLIST_KEY_UILaunchStoryboardName = LaunchScreen;
				INFOPLIST_KEY_UISupportedInterfaceOrientations_iPad = "UIInterfaceOrientationPortrait UIInterfaceOrientationPortraitUpsideDown UIInterfaceOrientationLandscapeLeft UIInterfaceOrientationLandscapeRight";
				INFOPLIST_KEY_UISupportedInterfaceOrientations_iPhone = "UIInterfaceOrientationPortrait UIInterfaceOrientationLandscapeLeft UIInterfaceOrientationLandscapeRight";
				LD_RUNPATH_SEARCH_PATHS = (
					"$(inherited)",
					"@executable_path/Frameworks",
				);
				MARKETING_VERSION = 1.0;
				PRODUCT_BUNDLE_IDENTIFIER = com.diferent.DragonBallAvanzado;
				PRODUCT_NAME = "$(TARGET_NAME)";
				SWIFT_EMIT_LOC_STRINGS = YES;
				SWIFT_VERSION = 5.0;
				TARGETED_DEVICE_FAMILY = "1,2";
			};
			name = Debug;
		};
		1DB65DF12AD5C1C90046475E /* Release */ = {
			isa = XCBuildConfiguration;
			buildSettings = {
				ASSETCATALOG_COMPILER_APPICON_NAME = AppIcon;
				ASSETCATALOG_COMPILER_GLOBAL_ACCENT_COLOR_NAME = AccentColor;
				CODE_SIGN_STYLE = Automatic;
				CURRENT_PROJECT_VERSION = 1;
				GENERATE_INFOPLIST_FILE = YES;
				INFOPLIST_FILE = DragonBallAvanzado/Info.plist;
				INFOPLIST_KEY_UIApplicationSupportsIndirectInputEvents = YES;
				INFOPLIST_KEY_UILaunchStoryboardName = LaunchScreen;
				INFOPLIST_KEY_UISupportedInterfaceOrientations_iPad = "UIInterfaceOrientationPortrait UIInterfaceOrientationPortraitUpsideDown UIInterfaceOrientationLandscapeLeft UIInterfaceOrientationLandscapeRight";
				INFOPLIST_KEY_UISupportedInterfaceOrientations_iPhone = "UIInterfaceOrientationPortrait UIInterfaceOrientationLandscapeLeft UIInterfaceOrientationLandscapeRight";
				LD_RUNPATH_SEARCH_PATHS = (
					"$(inherited)",
					"@executable_path/Frameworks",
				);
				MARKETING_VERSION = 1.0;
				PRODUCT_BUNDLE_IDENTIFIER = com.diferent.DragonBallAvanzado;
				PRODUCT_NAME = "$(TARGET_NAME)";
				SWIFT_EMIT_LOC_STRINGS = YES;
				SWIFT_VERSION = 5.0;
				TARGETED_DEVICE_FAMILY = "1,2";
			};
			name = Release;
		};
/* End XCBuildConfiguration section */

/* Begin XCConfigurationList section */
		1DB65DD32AD5C1C60046475E /* Build configuration list for PBXProject "DragonBallAvanzado" */ = {
			isa = XCConfigurationList;
			buildConfigurations = (
				1DB65DED2AD5C1C90046475E /* Debug */,
				1DB65DEE2AD5C1C90046475E /* Release */,
			);
			defaultConfigurationIsVisible = 0;
			defaultConfigurationName = Release;
		};
		1DB65DEF2AD5C1C90046475E /* Build configuration list for PBXNativeTarget "DragonBallAvanzado" */ = {
			isa = XCConfigurationList;
			buildConfigurations = (
				1DB65DF02AD5C1C90046475E /* Debug */,
				1DB65DF12AD5C1C90046475E /* Release */,
			);
			defaultConfigurationIsVisible = 0;
			defaultConfigurationName = Release;
		};
/* End XCConfigurationList section */

/* Begin XCRemoteSwiftPackageReference section */
		1DC256EE2AD713F0008B907A /* XCRemoteSwiftPackageReference "keychain-swift" */ = {
			isa = XCRemoteSwiftPackageReference;
			repositoryURL = "https://github.com/evgenyneu/keychain-swift.git";
			requirement = {
				kind = upToNextMajorVersion;
				minimumVersion = 20.0.0;
			};
		};
		1DC6371C2ADF286F002D420B /* XCRemoteSwiftPackageReference "Kingfisher" */ = {
			isa = XCRemoteSwiftPackageReference;
			repositoryURL = "https://github.com/onevcat/Kingfisher.git";
			requirement = {
				kind = upToNextMajorVersion;
				minimumVersion = 7.0.0;
			};
		};
/* End XCRemoteSwiftPackageReference section */

/* Begin XCSwiftPackageProductDependency section */
		1DC256EF2AD713F1008B907A /* KeychainSwift */ = {
			isa = XCSwiftPackageProductDependency;
			package = 1DC256EE2AD713F0008B907A /* XCRemoteSwiftPackageReference "keychain-swift" */;
			productName = KeychainSwift;
		};
		1DC6371D2ADF286F002D420B /* Kingfisher */ = {
			isa = XCSwiftPackageProductDependency;
			package = 1DC6371C2ADF286F002D420B /* XCRemoteSwiftPackageReference "Kingfisher" */;
			productName = Kingfisher;
		};
/* End XCSwiftPackageProductDependency section */

/* Begin XCVersionGroup section */
		1DB65DE42AD5C1C60046475E /* DragonBallAvanzado.xcdatamodeld */ = {
			isa = XCVersionGroup;
			children = (
				1DB65DE52AD5C1C60046475E /* DragonBallAvanzado.xcdatamodel */,
			);
			currentVersion = 1DB65DE52AD5C1C60046475E /* DragonBallAvanzado.xcdatamodel */;
			path = DragonBallAvanzado.xcdatamodeld;
			sourceTree = "<group>";
			versionGroupType = wrapper.xcdatamodel;
		};
/* End XCVersionGroup section */
	};
	rootObject = 1DB65DD02AD5C1C60046475E /* Project object */;
}
